// !$*UTF8*$!
{
	archiveVersion = 1;
	classes = {
	};
	objectVersion = 50;
	objects = {

/* Begin PBXBuildFile section */
		A1701613230AFEA100B3AE4E /* AppDelegate.swift in Sources */ = {isa = PBXBuildFile; fileRef = A1701612230AFEA100B3AE4E /* AppDelegate.swift */; };
		A1701615230AFEA100B3AE4E /* ViewController.swift in Sources */ = {isa = PBXBuildFile; fileRef = A1701614230AFEA100B3AE4E /* ViewController.swift */; };
		A1701618230AFEA100B3AE4E /* Main.storyboard in Resources */ = {isa = PBXBuildFile; fileRef = A1701616230AFEA100B3AE4E /* Main.storyboard */; };
		A170161A230AFEE300B3AE4E /* Assets.xcassets in Resources */ = {isa = PBXBuildFile; fileRef = A1701619230AFEE300B3AE4E /* Assets.xcassets */; };
		A170161D230AFEE300B3AE4E /* LaunchScreen.storyboard in Resources */ = {isa = PBXBuildFile; fileRef = A170161B230AFEE300B3AE4E /* LaunchScreen.storyboard */; };
		A1701629230AFFC800B3AE4E /* ContainerController.swift in Sources */ = {isa = PBXBuildFile; fileRef = A1701628230AFFC800B3AE4E /* ContainerController.swift */; };
		A170162B230AFFE000B3AE4E /* HomeController.swift in Sources */ = {isa = PBXBuildFile; fileRef = A170162A230AFFE000B3AE4E /* HomeController.swift */; };
		A170162D230AFFF000B3AE4E /* MenuController.swift in Sources */ = {isa = PBXBuildFile; fileRef = A170162C230AFFF000B3AE4E /* MenuController.swift */; };
		A170162F230B12C400B3AE4E /* Protocols.swift in Sources */ = {isa = PBXBuildFile; fileRef = A170162E230B12C400B3AE4E /* Protocols.swift */; };
		A1701631230B22E300B3AE4E /* MenuOptionCell.swift in Sources */ = {isa = PBXBuildFile; fileRef = A1701630230B22E300B3AE4E /* MenuOptionCell.swift */; };
		A1701633230B24F600B3AE4E /* MenuOption.swift in Sources */ = {isa = PBXBuildFile; fileRef = A1701632230B24F600B3AE4E /* MenuOption.swift */; };
/* End PBXBuildFile section */

/* Begin PBXFileReference section */
		A170160F230AFEA100B3AE4E /* SlideMenu.app */ = {isa = PBXFileReference; explicitFileType = wrapper.application; includeInIndex = 0; path = SlideMenu.app; sourceTree = BUILT_PRODUCTS_DIR; };
		A1701612230AFEA100B3AE4E /* AppDelegate.swift */ = {isa = PBXFileReference; lastKnownFileType = sourcecode.swift; path = AppDelegate.swift; sourceTree = "<group>"; };
		A1701614230AFEA100B3AE4E /* ViewController.swift */ = {isa = PBXFileReference; lastKnownFileType = sourcecode.swift; path = ViewController.swift; sourceTree = "<group>"; };
		A1701617230AFEA100B3AE4E /* Base */ = {isa = PBXFileReference; lastKnownFileType = file.storyboard; name = Base; path = Base.lproj/Main.storyboard; sourceTree = "<group>"; };
		A1701619230AFEE300B3AE4E /* Assets.xcassets */ = {isa = PBXFileReference; lastKnownFileType = folder.assetcatalog; path = Assets.xcassets; sourceTree = "<group>"; };
		A170161C230AFEE300B3AE4E /* Base */ = {isa = PBXFileReference; lastKnownFileType = file.storyboard; name = Base; path = Base.lproj/LaunchScreen.storyboard; sourceTree = "<group>"; };
		A170161E230AFEE300B3AE4E /* Info.plist */ = {isa = PBXFileReference; lastKnownFileType = text.plist.xml; path = Info.plist; sourceTree = "<group>"; };
		A1701628230AFFC800B3AE4E /* ContainerController.swift */ = {isa = PBXFileReference; lastKnownFileType = sourcecode.swift; path = ContainerController.swift; sourceTree = "<group>"; };
		A170162A230AFFE000B3AE4E /* HomeController.swift */ = {isa = PBXFileReference; lastKnownFileType = sourcecode.swift; path = HomeController.swift; sourceTree = "<group>"; };
		A170162C230AFFF000B3AE4E /* MenuController.swift */ = {isa = PBXFileReference; lastKnownFileType = sourcecode.swift; path = MenuController.swift; sourceTree = "<group>"; };
		A170162E230B12C400B3AE4E /* Protocols.swift */ = {isa = PBXFileReference; lastKnownFileType = sourcecode.swift; path = Protocols.swift; sourceTree = "<group>"; };
		A1701630230B22E300B3AE4E /* MenuOptionCell.swift */ = {isa = PBXFileReference; lastKnownFileType = sourcecode.swift; path = MenuOptionCell.swift; sourceTree = "<group>"; };
		A1701632230B24F600B3AE4E /* MenuOption.swift */ = {isa = PBXFileReference; lastKnownFileType = sourcecode.swift; path = MenuOption.swift; sourceTree = "<group>"; };
/* End PBXFileReference section */

/* Begin PBXFrameworksBuildPhase section */
		A170160C230AFEA100B3AE4E /* Frameworks */ = {
			isa = PBXFrameworksBuildPhase;
			buildActionMask = 2147483647;
			files = (
			);
			runOnlyForDeploymentPostprocessing = 0;
		};
/* End PBXFrameworksBuildPhase section */

/* Begin PBXGroup section */
		A1701606230AFEA000B3AE4E = {
			isa = PBXGroup;
			children = (
				A1701611230AFEA100B3AE4E /* SlideMenu */,
				A1701610230AFEA100B3AE4E /* Products */,
			);
			sourceTree = "<group>";
		};
		A1701610230AFEA100B3AE4E /* Products */ = {
			isa = PBXGroup;
			children = (
				A170160F230AFEA100B3AE4E /* SlideMenu.app */,
			);
			name = Products;
			sourceTree = "<group>";
		};
		A1701611230AFEA100B3AE4E /* SlideMenu */ = {
			isa = PBXGroup;
			children = (
				A1701626230AFF6800B3AE4E /* Utils */,
				A1701625230AFF6400B3AE4E /* Model */,
				A1701624230AFF6000B3AE4E /* View */,
				A1701627230AFF9400B3AE4E /* Controller */,
				A1701612230AFEA100B3AE4E /* AppDelegate.swift */,
				A1701614230AFEA100B3AE4E /* ViewController.swift */,
				A1701616230AFEA100B3AE4E /* Main.storyboard */,
				A1701619230AFEE300B3AE4E /* Assets.xcassets */,
				A170161B230AFEE300B3AE4E /* LaunchScreen.storyboard */,
				A170161E230AFEE300B3AE4E /* Info.plist */,
			);
			path = SlideMenu;
			sourceTree = "<group>";
		};
		A1701624230AFF6000B3AE4E /* View */ = {
			isa = PBXGroup;
			children = (
				A1701630230B22E300B3AE4E /* MenuOptionCell.swift */,
			);
			path = View;
			sourceTree = "<group>";
		};
		A1701625230AFF6400B3AE4E /* Model */ = {
			isa = PBXGroup;
			children = (
				A1701632230B24F600B3AE4E /* MenuOption.swift */,
			);
			path = Model;
			sourceTree = "<group>";
		};
		A1701626230AFF6800B3AE4E /* Utils */ = {
			isa = PBXGroup;
			children = (
				A170162E230B12C400B3AE4E /* Protocols.swift */,
			);
			path = Utils;
			sourceTree = "<group>";
		};
		A1701627230AFF9400B3AE4E /* Controller */ = {
			isa = PBXGroup;
			children = (
				A1701628230AFFC800B3AE4E /* ContainerController.swift */,
				A170162A230AFFE000B3AE4E /* HomeController.swift */,
				A170162C230AFFF000B3AE4E /* MenuController.swift */,
			);
			path = Controller;
			sourceTree = "<group>";
		};
/* End PBXGroup section */

/* Begin PBXNativeTarget section */
		A170160E230AFEA100B3AE4E /* SlideMenu */ = {
			isa = PBXNativeTarget;
			buildConfigurationList = A1701621230AFEE300B3AE4E /* Build configuration list for PBXNativeTarget "SlideMenu" */;
			buildPhases = (
				A170160B230AFEA100B3AE4E /* Sources */,
				A170160C230AFEA100B3AE4E /* Frameworks */,
				A170160D230AFEA100B3AE4E /* Resources */,
			);
			buildRules = (
			);
			dependencies = (
			);
			name = SlideMenu;
			productName = SlideMenu;
			productReference = A170160F230AFEA100B3AE4E /* SlideMenu.app */;
			productType = "com.apple.product-type.application";
		};
/* End PBXNativeTarget section */

/* Begin PBXProject section */
		A1701607230AFEA000B3AE4E /* Project object */ = {
			isa = PBXProject;
			attributes = {
				LastSwiftUpdateCheck = 1010;
				LastUpgradeCheck = 1010;
				ORGANIZATIONNAME = sinbad;
				TargetAttributes = {
					A170160E230AFEA100B3AE4E = {
						CreatedOnToolsVersion = 10.1;
					};
				};
			};
			buildConfigurationList = A170160A230AFEA000B3AE4E /* Build configuration list for PBXProject "SlideMenu" */;
			compatibilityVersion = "Xcode 9.3";
			developmentRegion = en;
			hasScannedForEncodings = 0;
			knownRegions = (
				en,
				Base,
			);
			mainGroup = A1701606230AFEA000B3AE4E;
			productRefGroup = A1701610230AFEA100B3AE4E /* Products */;
			projectDirPath = "";
			projectRoot = "";
			targets = (
				A170160E230AFEA100B3AE4E /* SlideMenu */,
			);
		};
/* End PBXProject section */

/* Begin PBXResourcesBuildPhase section */
		A170160D230AFEA100B3AE4E /* Resources */ = {
			isa = PBXResourcesBuildPhase;
			buildActionMask = 2147483647;
			files = (
				A170161D230AFEE300B3AE4E /* LaunchScreen.storyboard in Resources */,
				A170161A230AFEE300B3AE4E /* Assets.xcassets in Resources */,
				A1701618230AFEA100B3AE4E /* Main.storyboard in Resources */,
			);
			runOnlyForDeploymentPostprocessing = 0;
		};
/* End PBXResourcesBuildPhase section */

/* Begin PBXSourcesBuildPhase section */
		A170160B230AFEA100B3AE4E /* Sources */ = {
			isa = PBXSourcesBuildPhase;
			buildActionMask = 2147483647;
			files = (
				A1701631230B22E300B3AE4E /* MenuOptionCell.swift in Sources */,
				A1701633230B24F600B3AE4E /* MenuOption.swift in Sources */,
				A170162D230AFFF000B3AE4E /* MenuController.swift in Sources */,
				A170162B230AFFE000B3AE4E /* HomeController.swift in Sources */,
				A1701615230AFEA100B3AE4E /* ViewController.swift in Sources */,
				A170162F230B12C400B3AE4E /* Protocols.swift in Sources */,
				A1701613230AFEA100B3AE4E /* AppDelegate.swift in Sources */,
				A1701629230AFFC800B3AE4E /* ContainerController.swift in Sources */,
			);
			runOnlyForDeploymentPostprocessing = 0;
		};
/* End PBXSourcesBuildPhase section */

/* Begin PBXVariantGroup section */
		A1701616230AFEA100B3AE4E /* Main.storyboard */ = {
			isa = PBXVariantGroup;
			children = (
				A1701617230AFEA100B3AE4E /* Base */,
			);
			name = Main.storyboard;
			sourceTree = "<group>";
		};
		A170161B230AFEE300B3AE4E /* LaunchScreen.storyboard */ = {
			isa = PBXVariantGroup;
			children = (
				A170161C230AFEE300B3AE4E /* Base */,
			);
			name = LaunchScreen.storyboard;
			sourceTree = "<group>";
		};
/* End PBXVariantGroup section */

/* Begin XCBuildConfiguration section */
		A170161F230AFEE300B3AE4E /* Debug */ = {
			isa = XCBuildConfiguration;
			buildSettings = {
				ALWAYS_SEARCH_USER_PATHS = NO;
				CLANG_ANALYZER_NONNULL = YES;
				CLANG_ANALYZER_NUMBER_OBJECT_CONVERSION = YES_AGGRESSIVE;
				CLANG_CXX_LANGUAGE_STANDARD = "gnu++14";
				CLANG_CXX_LIBRARY = "libc++";
				CLANG_ENABLE_MODULES = YES;
				CLANG_ENABLE_OBJC_ARC = YES;
				CLANG_ENABLE_OBJC_WEAK = YES;
				CLANG_WARN_BLOCK_CAPTURE_AUTORELEASING = YES;
				CLANG_WARN_BOOL_CONVERSION = YES;
				CLANG_WARN_COMMA = YES;
				CLANG_WARN_CONSTANT_CONVERSION = YES;
				CLANG_WARN_DEPRECATED_OBJC_IMPLEMENTATIONS = YES;
				CLANG_WARN_DIRECT_OBJC_ISA_USAGE = YES_ERROR;
				CLANG_WARN_DOCUMENTATION_COMMENTS = YES;
				CLANG_WARN_EMPTY_BODY = YES;
				CLANG_WARN_ENUM_CONVERSION = YES;
				CLANG_WARN_INFINITE_RECURSION = YES;
				CLANG_WARN_INT_CONVERSION = YES;
				CLANG_WARN_NON_LITERAL_NULL_CONVERSION = YES;
				CLANG_WARN_OBJC_IMPLICIT_RETAIN_SELF = YES;
				CLANG_WARN_OBJC_LITERAL_CONVERSION = YES;
				CLANG_WARN_OBJC_ROOT_CLASS = YES_ERROR;
				CLANG_WARN_RANGE_LOOP_ANALYSIS = YES;
				CLANG_WARN_STRICT_PROTOTYPES = YES;
				CLANG_WARN_SUSPICIOUS_MOVE = YES;
				CLANG_WARN_UNGUARDED_AVAILABILITY = YES_AGGRESSIVE;
				CLANG_WARN_UNREACHABLE_CODE = YES;
				CLANG_WARN__DUPLICATE_METHOD_MATCH = YES;
				CODE_SIGN_IDENTITY = "iPhone Developer";
				COPY_PHASE_STRIP = NO;
				DEBUG_INFORMATION_FORMAT = dwarf;
				ENABLE_STRICT_OBJC_MSGSEND = YES;
				ENABLE_TESTABILITY = YES;
				GCC_C_LANGUAGE_STANDARD = gnu11;
				GCC_DYNAMIC_NO_PIC = NO;
				GCC_NO_COMMON_BLOCKS = YES;
				GCC_OPTIMIZATION_LEVEL = 0;
				GCC_PREPROCESSOR_DEFINITIONS = (
					"DEBUG=1",
					"$(inherited)",
				);
				GCC_WARN_64_TO_32_BIT_CONVERSION = YES;
				GCC_WARN_ABOUT_RETURN_TYPE = YES_ERROR;
				GCC_WARN_UNDECLARED_SELECTOR = YES;
				GCC_WARN_UNINITIALIZED_AUTOS = YES_AGGRESSIVE;
				GCC_WARN_UNUSED_FUNCTION = YES;
				GCC_WARN_UNUSED_VARIABLE = YES;
				IPHONEOS_DEPLOYMENT_TARGET = 12.1;
				MTL_ENABLE_DEBUG_INFO = INCLUDE_SOURCE;
				MTL_FAST_MATH = YES;
				ONLY_ACTIVE_ARCH = YES;
				SDKROOT = iphoneos;
				SWIFT_ACTIVE_COMPILATION_CONDITIONS = DEBUG;
				SWIFT_OPTIMIZATION_LEVEL = "-Onone";
			};
			name = Debug;
		};
		A1701620230AFEE300B3AE4E /* Release */ = {
			isa = XCBuildConfiguration;
			buildSettings = {
				ALWAYS_SEARCH_USER_PATHS = NO;
				CLANG_ANALYZER_NONNULL = YES;
				CLANG_ANALYZER_NUMBER_OBJECT_CONVERSION = YES_AGGRESSIVE;
				CLANG_CXX_LANGUAGE_STANDARD = "gnu++14";
				CLANG_CXX_LIBRARY = "libc++";
				CLANG_ENABLE_MODULES = YES;
				CLANG_ENABLE_OBJC_ARC = YES;
				CLANG_ENABLE_OBJC_WEAK = YES;
				CLANG_WARN_BLOCK_CAPTURE_AUTORELEASING = YES;
				CLANG_WARN_BOOL_CONVERSION = YES;
				CLANG_WARN_COMMA = YES;
				CLANG_WARN_CONSTANT_CONVERSION = YES;
				CLANG_WARN_DEPRECATED_OBJC_IMPLEMENTATIONS = YES;
				CLANG_WARN_DIRECT_OBJC_ISA_USAGE = YES_ERROR;
				CLANG_WARN_DOCUMENTATION_COMMENTS = YES;
				CLANG_WARN_EMPTY_BODY = YES;
				CLANG_WARN_ENUM_CONVERSION = YES;
				CLANG_WARN_INFINITE_RECURSION = YES;
				CLANG_WARN_INT_CONVERSION = YES;
				CLANG_WARN_NON_LITERAL_NULL_CONVERSION = YES;
				CLANG_WARN_OBJC_IMPLICIT_RETAIN_SELF = YES;
				CLANG_WARN_OBJC_LITERAL_CONVERSION = YES;
				CLANG_WARN_OBJC_ROOT_CLASS = YES_ERROR;
				CLANG_WARN_RANGE_LOOP_ANALYSIS = YES;
				CLANG_WARN_STRICT_PROTOTYPES = YES;
				CLANG_WARN_SUSPICIOUS_MOVE = YES;
				CLANG_WARN_UNGUARDED_AVAILABILITY = YES_AGGRESSIVE;
				CLANG_WARN_UNREACHABLE_CODE = YES;
				CLANG_WARN__DUPLICATE_METHOD_MATCH = YES;
				CODE_SIGN_IDENTITY = "iPhone Developer";
				COPY_PHASE_STRIP = NO;
				DEBUG_INFORMATION_FORMAT = "dwarf-with-dsym";
				ENABLE_NS_ASSERTIONS = NO;
				ENABLE_STRICT_OBJC_MSGSEND = YES;
				GCC_C_LANGUAGE_STANDARD = gnu11;
				GCC_NO_COMMON_BLOCKS = YES;
				GCC_WARN_64_TO_32_BIT_CONVERSION = YES;
				GCC_WARN_ABOUT_RETURN_TYPE = YES_ERROR;
				GCC_WARN_UNDECLARED_SELECTOR = YES;
				GCC_WARN_UNINITIALIZED_AUTOS = YES_AGGRESSIVE;
				GCC_WARN_UNUSED_FUNCTION = YES;
				GCC_WARN_UNUSED_VARIABLE = YES;
				IPHONEOS_DEPLOYMENT_TARGET = 12.1;
				MTL_ENABLE_DEBUG_INFO = NO;
				MTL_FAST_MATH = YES;
				SDKROOT = iphoneos;
				SWIFT_COMPILATION_MODE = wholemodule;
				SWIFT_OPTIMIZATION_LEVEL = "-O";
				VALIDATE_PRODUCT = YES;
			};
			name = Release;
		};
		A1701622230AFEE300B3AE4E /* Debug */ = {
			isa = XCBuildConfiguration;
			buildSettings = {
				ASSETCATALOG_COMPILER_APPICON_NAME = AppIcon;
				CODE_SIGN_STYLE = Automatic;
				INFOPLIST_FILE = SlideMenu/Info.plist;
				LD_RUNPATH_SEARCH_PATHS = (
					"$(inherited)",
					"@executable_path/Frameworks",
				);
				PRODUCT_BUNDLE_IDENTIFIER = com.devsloop.SlideMenu;
				PRODUCT_NAME = "$(TARGET_NAME)";
				SWIFT_VERSION = 4.2;
				TARGETED_DEVICE_FAMILY = "1,2";
			};
			name = Debug;
		};
		A1701623230AFEE300B3AE4E /* Release */ = {
			isa = XCBuildConfiguration;
			buildSettings = {
				ASSETCATALOG_COMPILER_APPICON_NAME = AppIcon;
				CODE_SIGN_STYLE = Automatic;
				INFOPLIST_FILE = SlideMenu/Info.plist;
				LD_RUNPATH_SEARCH_PATHS = (
					"$(inherited)",
					"@executable_path/Frameworks",
				);
				PRODUCT_BUNDLE_IDENTIFIER = com.devsloop.SlideMenu;
				PRODUCT_NAME = "$(TARGET_NAME)";
				SWIFT_VERSION = 4.2;
				TARGETED_DEVICE_FAMILY = "1,2";
			};
			name = Release;
		};
/* End XCBuildConfiguration section */

/* Begin XCConfigurationList section */
		A170160A230AFEA000B3AE4E /* Build configuration list for PBXProject "SlideMenu" */ = {
			isa = XCConfigurationList;
			buildConfigurations = (
				A170161F230AFEE300B3AE4E /* Debug */,
				A1701620230AFEE300B3AE4E /* Release */,
			);
			defaultConfigurationIsVisible = 0;
			defaultConfigurationName = Release;
		};
		A1701621230AFEE300B3AE4E /* Build configuration list for PBXNativeTarget "SlideMenu" */ = {
			isa = XCConfigurationList;
			buildConfigurations = (
				A1701622230AFEE300B3AE4E /* Debug */,
				A1701623230AFEE300B3AE4E /* Release */,
			);
			defaultConfigurationIsVisible = 0;
			defaultConfigurationName = Release;
		};
/* End XCConfigurationList section */
	};
	rootObject = A1701607230AFEA000B3AE4E /* Project object */;
}
